
Microsoft Visual Studio Solution File, Format Version 12.00
# Visual Studio Version 16
VisualStudioVersion = 16.0.29920.165
MinimumVisualStudioVersion = 10.0.40219.1
Project("{FAE04EC0-301F-11D3-BF4B-00C04F79EFBC}") = "AsyncInn", "AsyncInn\AsyncInn.csproj", "{2D425784-57D5-4473-A433-78902BC903BA}"
EndProject
Global
	GlobalSection(SolutionConfigurationPlatforms) = preSolution
		Debug|Any CPU = Debug|Any CPU
		Release|Any CPU = Release|Any CPU
	EndGlobalSection
	GlobalSection(ProjectConfigurationPlatforms) = postSolution
		{2D425784-57D5-4473-A433-78902BC903BA}.Debug|Any CPU.ActiveCfg = Debug|Any CPU
		{2D425784-57D5-4473-A433-78902BC903BA}.Debug|Any CPU.Build.0 = Debug|Any CPU
		{2D425784-57D5-4473-A433-78902BC903BA}.Release|Any CPU.ActiveCfg = Release|Any CPU
		{2D425784-57D5-4473-A433-78902BC903BA}.Release|Any CPU.Build.0 = Release|Any CPU
	EndGlobalSection
	GlobalSection(SolutionProperties) = preSolution
		HideSolutionNode = FALSE
	EndGlobalSection
	GlobalSection(ExtensibilityGlobals) = postSolution
		SolutionGuid = {DB92470F-18FD-4D7B-99E1-0F56BACE8996}
	EndGlobalSection
EndGlobal
